{
    "_readme": [
        "This file locks the dependencies of your project to a known state",
        "Read more about it at http://getcomposer.org/doc/01-basic-usage.md#composer-lock-the-lock-file"
    ],
    "hash": "37af0fd785fead4228472915792767ee",
    "packages": [
        {
            "name": "morozov/bootstrap",
            "version": "1.0.0",
            "source": {
                "type": "git",
                "url": "https://github.com/morozov/bootstrap.git",
                "reference": "3e21cbe6b5436c09817a892a5abac37fa6091953"
            },
            "dist": {
                "type": "zip",
                "url": "https://api.github.com/repos/morozov/bootstrap/zipball/3e21cbe6b5436c09817a892a5abac37fa6091953",
                "reference": "3e21cbe6b5436c09817a892a5abac37fa6091953",
                "shasum": ""
            },
            "require": {
                "php": ">=5.3.0"
            },
            "type": "library",
            "autoload": {
                "files": [
                    "src/bootstrap.php"
                ]
            },
            "notification-url": "https://packagist.org/downloads/",
            "license": [
                "MIT"
            ],
            "authors": [
                {
                    "name": "Sergei Morozov",
                    "email": "morozov@tut.by"
                }
            ],
            "description": "Command line application bootstrap component",
            "time": "2013-11-13 08:30:17"
        }
    ],
    "packages-dev": [

    ],
    "aliases": [

    ],
    "minimum-stability": "stable",
    "stability-flags": [

    ],
    "platform": [

    ],
    "platform-dev": [

    ]
}
